{
  "name": "@amplifier/unified",
  "version": "0.1.0",
  "lockfileVersion": 3,
  "requires": true,
  "packages": {
    "": {
      "name": "@amplifier/unified",
      "version": "0.1.0",
      "bundleDependencies": [
        "@amplifier/unified-host",
        "@amplifier/unified-mcp-capabilities",
        "@amplifier/unified-media-capability",
        "@amplifier/unified-native-capabilities",
        "@amplifier/unified-operations-capabilities",
        "@amplifier/unified-publishing-capability",
        "@amplifier/unified-resources-capability",
        "@amplifier/unified-worktree-capability",
        "ws",
        "zod",
        "@amplifier/unified-recall-capability",
        "@amplifier/unified-maintenance-capability",
        "@amplifier/unified-portability-capability",
        "@amplifier/unified-feedback-capability",
        "@amplifier/unified-coordination-capability",
        "@amplifier/unified-workspace-capability",
        "@amplifier/unified-distribution-update-owner",
        "@amplifier/unified-recovery-capability",
        "@amplifier/unified-notifications-capability",
        "@amplifier/unified-history-capability",
        "@amplifier/unified-diagnostics-capability",
        "@amplifier/ahp-client-kit",
        "@amplifier/unified-protocol-extensions",
        "@amplifier/unified-client-web"
      ],
      "license": "MIT",
      "dependencies": {
        "@amplifier/ahp-client-kit": "file:vendor/ahp-client-kit-43e52d852d3e.tgz",
        "@amplifier/unified-client-web": "file:vendor/unified-client-web-bb1bfe14a312.tgz",
        "@amplifier/unified-coordination-capability": "file:vendor/unified-coordination-capability-3949285009d7.tgz",
        "@amplifier/unified-diagnostics-capability": "file:vendor/unified-diagnostics-capability-d4489b78cf2f.tgz",
        "@amplifier/unified-distribution-update-owner": "file:vendor/unified-distribution-update-owner-296c72063ccc.tgz",
        "@amplifier/unified-feedback-capability": "file:vendor/unified-feedback-capability-077aa040ad60.tgz",
        "@amplifier/unified-history-capability": "file:vendor/unified-history-capability-bb02fa02ce40.tgz",
        "@amplifier/unified-host": "file:vendor/amplifier-unified-host-0.1.0.tgz",
        "@amplifier/unified-maintenance-capability": "file:vendor/amplifier-unified-maintenance-capability-0.1.0.tgz",
        "@amplifier/unified-mcp-capabilities": "file:vendor/unified-mcp-capabilities-39f23c724605.tgz",
        "@amplifier/unified-media-capability": "file:vendor/unified-media-capability-1ec6f289a8fe.tgz",
        "@amplifier/unified-native-capabilities": "file:vendor/unified-native-capabilities-2dc0b5c9e32e.tgz",
        "@amplifier/unified-notifications-capability": "file:vendor/unified-notifications-capability-4712a15a2ad3.tgz",
        "@amplifier/unified-operations-capabilities": "file:vendor/unified-operations-capabilities-098be5448119.tgz",
        "@amplifier/unified-portability-capability": "file:vendor/unified-portability-capability-bfc50b380a36.tgz",
        "@amplifier/unified-protocol-extensions": "file:vendor/unified-protocol-extensions-eccfca0346ca.tgz",
        "@amplifier/unified-publishing-capability": "file:vendor/unified-publishing-capability-164d0e695c79.tgz",
        "@amplifier/unified-recall-capability": "file:vendor/unified-recall-capability-c9a9aa942597.tgz",
        "@amplifier/unified-recovery-capability": "file:vendor/unified-recovery-capability-efdb4c173633.tgz",
        "@amplifier/unified-resources-capability": "file:vendor/unified-resources-capability-f0fef02e1fb7.tgz",
        "@amplifier/unified-workspace-capability": "file:vendor/unified-workspace-capability-533e150560e9.tgz",
        "@amplifier/unified-worktree-capability": "file:vendor/unified-worktree-capability-1870a3844661.tgz",
        "ws": "^8.18.0",
        "zod": "^4.6.5"
      },
      "bin": {
        "amplifier-ahp": "src/headless-cli.js",
        "amplifier-unified": "src/cli.js",
        "amplifier-unified-archive": "src/installation-archive-cli.js",
        "amplifier-unified-install": "src/install-cli.js",
        "amplifier-unified-install-full-owner": "src/full-owner-install-cli.mjs",
        "amplifier-unified-service": "src/service-cli.js"
      },
      "engines": {
        "node": ">=22.16"
      }
    },
    "node_modules/@agentclientprotocol/sdk": {
      "version": "1.5.1",
      "inBundle": true,
      "license": "Apache-2.0",
      "peerDependencies": {
        "zod": "^3.25.0 || ^4.0.0"
      }
    },
    "node_modules/@amplifier/ahp-client-kit": {
      "version": "0.1.0",
      "resolved": "file:vendor/ahp-client-kit-43e52d852d3e.tgz",
      "integrity": "sha512-d+uo86VsrUSp7AJJBpbvSiyVZyihX4a7crQa5fsA8C0IqUXn1RxBGy5r2y1fgw9Kmu9gq3xpr0h/j+VaroKojw==",
      "inBundle": true,
      "license": "MIT",
      "dependencies": {
        "@microsoft/agent-host-protocol": "^0.9.0",
        "ws": "^8.21.3"
      },
      "bin": {
        "amplifier-ahp": "src/cli.js"
      },
      "engines": {
        "node": ">=22.16"
      }
    },
    "node_modules/@amplifier/unified-client-web": {
      "version": "0.1.0",
      "resolved": "file:vendor/unified-client-web-bb1bfe14a312.tgz",
      "integrity": "sha512-E5It30sUxA3rpqyzKNYRPbUgr0iSVhP35Fh3dEy8uRsQoBZni+Hs8Z7H8AYY5isWU/SLuummCK5zVzbvCivgag==",
      "inBundle": true,
      "license": "MIT"
    },
    "node_modules/@amplifier/unified-coordination-capability": {
      "version": "0.1.0",
      "resolved": "file:vendor/unified-coordination-capability-3949285009d7.tgz",
      "integrity": "sha512-ZTGkkz8xZp429yl8N0ig3MR11ePI303a5pxfGIcqU0N5WQurF9lNsdX8TD1zrEhiImO5rzauYwVs+hHVKxqCKQ==",
      "inBundle": true,
      "license": "MIT"
    },
    "node_modules/@amplifier/unified-diagnostics-capability": {
      "version": "0.1.0",
      "resolved": "file:vendor/unified-diagnostics-capability-d4489b78cf2f.tgz",
      "integrity": "sha512-3632Y4ZHsg2ufFY7Vzanryc5BDqseRS3malVe7ZmdCiOZQOI4ES0i85d3MZ7/wLw7NYdgSt3UvnbZ5qoTpUMJA==",
      "inBundle": true,
      "license": "MIT",
      "engines": {
        "node": ">=22.16"
      }
    },
    "node_modules/@amplifier/unified-distribution-update-owner": {
      "version": "0.20.2",
      "resolved": "file:vendor/unified-distribution-update-owner-296c72063ccc.tgz",
      "integrity": "sha512-rWC0nnNiHRYLw65iFLXd3pPbt6m297AZaJy+GaEg0hCEdYnsuGjCnWQTI14MXN0KSRSkFJbLB7fxV6AYIa/mlA==",
      "bundleDependencies": [
        "tar"
      ],
      "inBundle": true,
      "license": "MIT",
      "dependencies": {
        "tar": "7.5.22"
      },
      "bin": {
        "amplifier-distribution-supervisor": "dist/supervisor-cli.js"
      },
      "engines": {
        "node": ">=22.16"
      }
    },
    "node_modules/@amplifier/unified-distribution-update-owner/node_modules/@isaacs/fs-minipass": {
      "version": "4.0.1",
      "inBundle": true,
      "license": "ISC",
      "dependencies": {
        "minipass": "^7.0.4"
      },
      "engines": {
        "node": ">=18.0.0"
      }
    },
    "node_modules/@amplifier/unified-distribution-update-owner/node_modules/chownr": {
      "version": "3.0.0",
      "inBundle": true,
      "license": "BlueOak-1.0.0",
      "engines": {
        "node": ">=18"
      }
    },
    "node_modules/@amplifier/unified-distribution-update-owner/node_modules/minipass": {
      "version": "7.1.3",
      "inBundle": true,
      "license": "BlueOak-1.0.0",
      "engines": {
        "node": ">=16 || 14 >=14.17"
      }
    },
    "node_modules/@amplifier/unified-distribution-update-owner/node_modules/minizlib": {
      "version": "3.1.0",
      "inBundle": true,
      "license": "MIT",
      "dependencies": {
        "minipass": "^7.1.2"
      },
      "engines": {
        "node": ">= 18"
      }
    },
    "node_modules/@amplifier/unified-distribution-update-owner/node_modules/tar": {
      "version": "7.5.22",
      "inBundle": true,
      "license": "BlueOak-1.0.0",
      "dependencies": {
        "@isaacs/fs-minipass": "^4.0.0",
        "chownr": "^3.0.0",
        "minipass": "^7.1.2",
        "minizlib": "^3.1.0",
        "yallist": "^5.0.0"
      },
      "engines": {
        "node": ">=18"
      }
    },
    "node_modules/@amplifier/unified-distribution-update-owner/node_modules/yallist": {
      "version": "5.0.0",
      "inBundle": true,
      "license": "BlueOak-1.0.0",
      "engines": {
        "node": ">=18"
      }
    },
    "node_modules/@amplifier/unified-feedback-capability": {
      "version": "0.1.0",
      "resolved": "file:vendor/unified-feedback-capability-077aa040ad60.tgz",
      "integrity": "sha512-2t5bwt/01RE94WLivC+ZkfwYGH2pYv82MxYI3BbLggno1gOWoCDsWDPCvc04RBL+upQIfcBlkyLuoR8Ub37NKg==",
      "inBundle": true,
      "license": "MIT"
    },
    "node_modules/@amplifier/unified-history-capability": {
      "version": "0.1.0",
      "resolved": "file:vendor/unified-history-capability-bb02fa02ce40.tgz",
      "integrity": "sha512-lCo5NTdZ2eQElQR8mfWQlrGgOWFfmRfVRaQ9s3AtqixfBtgblrz3VAlGRt2Dpr3vBMMBlY2mkBK4EONLN1OiBw==",
      "inBundle": true,
      "license": "MIT",
      "engines": {
        "node": ">=22.16"
      }
    },
    "node_modules/@amplifier/unified-host": {
      "version": "0.1.0",
      "resolved": "file:vendor/amplifier-unified-host-0.1.0.tgz",
      "integrity": "sha512-Gxf05NMzhnd8e9mx3aJ4XuVW6vwiU7mmVtCoUp6diUMiBFVXmVO4VAZbYIxik4h9/SVdmg2wfaIrO3i/ipP+WQ==",
      "inBundle": true,
      "license": "MIT",
      "dependencies": {
        "@agentclientprotocol/sdk": "^1.5.0",
        "@microsoft/agent-host-protocol": "^0.9.0",
        "ws": "^8.21.3"
      },
      "bin": {
        "amplifier-unified-host": "dist/cli.js"
      },
      "engines": {
        "node": ">=22.16"
      }
    },
    "node_modules/@amplifier/unified-maintenance-capability": {
      "version": "0.1.0",
      "resolved": "file:vendor/amplifier-unified-maintenance-capability-0.1.0.tgz",
      "integrity": "sha512-K8jAKj5fEM6zoJH91butheLst9sz8dCLBB8fsJAf3P2TVVZvET0uDCj4AmLjJXN29AA2hDmVYqHpi4VgjrCLAQ==",
      "inBundle": true,
      "license": "MIT"
    },
    "node_modules/@amplifier/unified-mcp-capabilities": {
      "version": "0.1.0",
      "resolved": "file:vendor/unified-mcp-capabilities-39f23c724605.tgz",
      "integrity": "sha512-2654Dpmv3pm+nc2TxxrP1snIzIAV0mpRJS8xgHBMeV3hb0DSw7hnjB6M9oBqugAyOomkKIh7poWeDcQthaCYjw==",
      "inBundle": true,
      "license": "MIT",
      "engines": {
        "node": ">=22.16"
      }
    },
    "node_modules/@amplifier/unified-media-capability": {
      "version": "0.1.0",
      "resolved": "file:vendor/unified-media-capability-1ec6f289a8fe.tgz",
      "integrity": "sha512-aCgK4ns6ea/Zf/QTecPTm5X7a2l+8s4dSBLVl28zR0zIweYqhdw/4I3KLVb8MbxMjJuyUP5Jb9MVn2Lzd2sbCg==",
      "inBundle": true,
      "engines": {
        "node": ">=22"
      }
    },
    "node_modules/@amplifier/unified-native-capabilities": {
      "version": "0.1.0",
      "resolved": "file:vendor/unified-native-capabilities-2dc0b5c9e32e.tgz",
      "integrity": "sha512-uGf/L6xJhC77rfCnhk5qXKZ/Cm1+jKJ52oFPqsmztOBPlSRQcaixZQKozgOrF+gy2eV8zwjrCz+RXsATHJw73Q==",
      "inBundle": true,
      "license": "MIT",
      "dependencies": {
        "@agentclientprotocol/sdk": "^1.5.0"
      },
      "engines": {
        "node": ">=22.16"
      }
    },
    "node_modules/@amplifier/unified-notifications-capability": {
      "version": "0.1.0",
      "resolved": "file:vendor/unified-notifications-capability-4712a15a2ad3.tgz",
      "integrity": "sha512-UYUrNO0GuPnWoPd6Y1WKTfrt7N91dO+R69U4mfaKqtIzLN3cBHw1vrCUo6l4U+9rz9Yajp73eNaB3T3NnfgpfA==",
      "inBundle": true,
      "license": "MIT",
      "engines": {
        "node": ">=22.16"
      }
    },
    "node_modules/@amplifier/unified-operations-capabilities": {
      "version": "0.1.0",
      "resolved": "file:vendor/unified-operations-capabilities-098be5448119.tgz",
      "integrity": "sha512-4VZATTwnksZbhg1ctweLIJJaTQ4D639uXr4JyGMepLDINlHijWBonr5gzbya8Tl52FSQ1tqZK6NJInU1YZG6sA==",
      "inBundle": true,
      "license": "MIT"
    },
    "node_modules/@amplifier/unified-portability-capability": {
      "version": "0.1.0",
      "resolved": "file:vendor/unified-portability-capability-bfc50b380a36.tgz",
      "integrity": "sha512-4URsg9irLKMeBhqb+dot6AHyaVpIyYpuyWjIc86UyzZNEDwT1Hrdz7CAyhqDE2IM1PDokz3F7Bi3EzCspVOxCQ==",
      "inBundle": true,
      "license": "MIT",
      "dependencies": {
        "@agentclientprotocol/sdk": "^1.5.0"
      }
    },
    "node_modules/@amplifier/unified-protocol-extensions": {
      "version": "0.1.2",
      "resolved": "file:vendor/unified-protocol-extensions-eccfca0346ca.tgz",
      "integrity": "sha512-iIR1pvXJ6Pt3fpMAbO8Zn7J/c4t3L8xMSW2+G3EW/Or390oeytxF81ZZYuJZp+M9qwR1FjasXNGT0ouptQI1eg==",
      "inBundle": true,
      "license": "MIT"
    },
    "node_modules/@amplifier/unified-publishing-capability": {
      "version": "0.1.0",
      "resolved": "file:vendor/unified-publishing-capability-164d0e695c79.tgz",
      "integrity": "sha512-wMy7SFvygGlSUKwPYflVbCHevB0/lYR/k4Z6dlNPREnJb34F4m9qvfdN+JaZWriKZTlw0hsXXnss9cmwZK6fQA==",
      "inBundle": true,
      "license": "MIT"
    },
    "node_modules/@amplifier/unified-recall-capability": {
      "version": "0.1.0",
      "resolved": "file:vendor/unified-recall-capability-c9a9aa942597.tgz",
      "integrity": "sha512-RtpbPF85cpd1VqFblH4ezRlXttc4IWhKvmBDs6DBTENzpktrmvSHJK0PGFb+LEs/lfIr56fngOMAUSLxs4G7xg==",
      "inBundle": true,
      "license": "MIT"
    },
    "node_modules/@amplifier/unified-recovery-capability": {
      "version": "0.1.0",
      "resolved": "file:vendor/unified-recovery-capability-efdb4c173633.tgz",
      "integrity": "sha512-jsqU3trogwKNgt6NREBsIGVCOnEW5Zizyc6O2VoEMSCc8J1npCqAg91Z1y4zowwGBzZfYbKqkr+ifIcXwb7zAw==",
      "inBundle": true,
      "license": "MIT",
      "engines": {
        "node": ">=22.16"
      }
    },
    "node_modules/@amplifier/unified-resources-capability": {
      "version": "0.1.0",
      "resolved": "file:vendor/unified-resources-capability-f0fef02e1fb7.tgz",
      "integrity": "sha512-Yk6Iwpov92ZrIvKiyJXiWARH8Y7vosrr+MtjUYqOMoF8TxqNnNOnd/1TcW8o/QCKL/gpLAqkUkWEeQABQqY64w==",
      "inBundle": true,
      "license": "MIT",
      "dependencies": {
        "ajv": "^8.17.1"
      },
      "engines": {
        "node": ">=22.16"
      }
    },
    "node_modules/@amplifier/unified-workspace-capability": {
      "version": "0.1.0",
      "resolved": "file:vendor/unified-workspace-capability-533e150560e9.tgz",
      "integrity": "sha512-3Vuxis7ZrtM43R5CNF46Pma/YmywunCUi8Sv+E19ll8vh26KMHEIBg4+KLXGkHpNKRhH/MBsFV0YhrnONXZM1Q==",
      "inBundle": true,
      "license": "MIT"
    },
    "node_modules/@amplifier/unified-worktree-capability": {
      "version": "0.1.1",
      "resolved": "file:vendor/unified-worktree-capability-1870a3844661.tgz",
      "integrity": "sha512-XVegOLCnk2Qvs/OqbEd6qSvXXqqWf50XvRsMghg5V9/7e9wtbljaM7HFrJON6pBNoKL8yoLydLR6cbzKG/3J9A==",
      "inBundle": true,
      "engines": {
        "node": ">=22.13"
      }
    },
    "node_modules/@microsoft/agent-host-protocol": {
      "version": "0.9.0",
      "inBundle": true,
      "license": "MIT"
    },
    "node_modules/ajv": {
      "version": "8.20.0",
      "inBundle": true,
      "license": "MIT",
      "dependencies": {
        "fast-deep-equal": "^3.1.3",
        "fast-uri": "^3.0.1",
        "json-schema-traverse": "^1.0.0",
        "require-from-string": "^2.0.2"
      },
      "funding": {
        "type": "github",
        "url": "https://github.com/sponsors/epoberezkin"
      }
    },
    "node_modules/fast-deep-equal": {
      "version": "3.1.3",
      "inBundle": true,
      "license": "MIT"
    },
    "node_modules/fast-uri": {
      "version": "3.1.8",
      "funding": [
        {
          "type": "github",
          "url": "https://github.com/sponsors/fastify"
        },
        {
          "type": "opencollective",
          "url": "https://opencollective.com/fastify"
        }
      ],
      "inBundle": true,
      "license": "BSD-3-Clause"
    },
    "node_modules/json-schema-traverse": {
      "version": "1.0.0",
      "inBundle": true,
      "license": "MIT"
    },
    "node_modules/require-from-string": {
      "version": "2.0.2",
      "inBundle": true,
      "license": "MIT",
      "engines": {
        "node": ">=0.10.0"
      }
    },
    "node_modules/ws": {
      "version": "8.22.0",
      "inBundle": true,
      "license": "MIT",
      "engines": {
        "node": ">=10.0.0"
      },
      "peerDependencies": {
        "bufferutil": "^4.0.1",
        "utf-8-validate": ">=5.0.2"
      },
      "peerDependenciesMeta": {
        "bufferutil": {
          "optional": true
        },
        "utf-8-validate": {
          "optional": true
        }
      }
    },
    "node_modules/zod": {
      "version": "4.6.5",
      "inBundle": true,
      "license": "MIT",
      "funding": {
        "url": "https://github.com/sponsors/colinhacks"
      }
    }
  }
}
