{
  "name": "@amplifier/unified",
  "version": "0.1.0",
  "lockfileVersion": 3,
  "requires": true,
  "packages": {
    "": {
      "name": "@amplifier/unified",
      "version": "0.1.0",
      "bundleDependencies": [
        "@amplifier/unified-host",
        "@amplifier/unified-mcp-capabilities",
        "@amplifier/unified-media-capability",
        "@amplifier/unified-native-capabilities",
        "@amplifier/unified-operations-capabilities",
        "@amplifier/unified-publishing-capability",
        "@amplifier/unified-resources-capability",
        "@amplifier/unified-worktree-capability",
        "ws",
        "zod",
        "@amplifier/unified-recall-capability",
        "@amplifier/unified-maintenance-capability",
        "@amplifier/unified-portability-capability",
        "@amplifier/unified-feedback-capability",
        "@amplifier/unified-coordination-capability",
        "@amplifier/unified-workspace-capability",
        "@amplifier/unified-distribution-update-owner",
        "@amplifier/unified-recovery-capability",
        "@amplifier/unified-notifications-capability",
        "@amplifier/unified-history-capability",
        "@amplifier/unified-diagnostics-capability",
        "@amplifier/ahp-client-kit",
        "@amplifier/unified-protocol-extensions"
      ],
      "license": "MIT",
      "dependencies": {
        "@amplifier/ahp-client-kit": "file:vendor/ahp-client-kit-a39bc8fd4ef7.tgz",
        "@amplifier/unified-coordination-capability": "file:vendor/unified-coordination-capability-a6e8490b84b8.tgz",
        "@amplifier/unified-diagnostics-capability": "file:vendor/unified-diagnostics-capability-0511f789cad7.tgz",
        "@amplifier/unified-distribution-update-owner": "file:vendor/unified-distribution-update-owner-09275b765366.tgz",
        "@amplifier/unified-feedback-capability": "file:vendor/unified-feedback-capability-34afd6097bdb.tgz",
        "@amplifier/unified-history-capability": "file:vendor/unified-history-capability-a5e43754fb84.tgz",
        "@amplifier/unified-host": "file:vendor/unified-host-54e53991d0ac.tgz",
        "@amplifier/unified-maintenance-capability": "file:vendor/unified-maintenance-capability-71579e347255.tgz",
        "@amplifier/unified-mcp-capabilities": "file:vendor/unified-mcp-capabilities-9fb8730ab706.tgz",
        "@amplifier/unified-media-capability": "file:vendor/unified-media-capability-e2e0aa1026c9.tgz",
        "@amplifier/unified-native-capabilities": "file:vendor/unified-native-capabilities-adb6a7366b1f.tgz",
        "@amplifier/unified-notifications-capability": "file:vendor/unified-notifications-capability-de85a0d090a4.tgz",
        "@amplifier/unified-operations-capabilities": "file:vendor/unified-operations-capabilities-4bd635b5937d.tgz",
        "@amplifier/unified-portability-capability": "file:vendor/unified-portability-capability-be1904698aba.tgz",
        "@amplifier/unified-protocol-extensions": "file:vendor/unified-protocol-extensions-eccfca0346ca.tgz",
        "@amplifier/unified-publishing-capability": "file:vendor/unified-publishing-capability-c0bd01fb22bf.tgz",
        "@amplifier/unified-recall-capability": "file:vendor/unified-recall-capability-137bf81c15e1.tgz",
        "@amplifier/unified-recovery-capability": "file:vendor/unified-recovery-capability-c9306ab19205.tgz",
        "@amplifier/unified-resources-capability": "file:vendor/unified-resources-capability-01aed8deccb2.tgz",
        "@amplifier/unified-workspace-capability": "file:vendor/unified-workspace-capability-5ccdc33ab6ab.tgz",
        "@amplifier/unified-worktree-capability": "file:vendor/unified-worktree-capability-7409d337d58f.tgz",
        "ws": "^8.18.0",
        "zod": "^4.6.5"
      },
      "bin": {
        "amplifier-ahp": "src/headless-cli.js",
        "amplifier-unified": "src/cli.js",
        "amplifier-unified-archive": "src/installation-archive-cli.js",
        "amplifier-unified-install": "src/install-cli.js",
        "amplifier-unified-service": "src/service-cli.js"
      },
      "engines": {
        "node": ">=22.16"
      }
    },
    "node_modules/@agentclientprotocol/sdk": {
      "version": "1.5.0",
      "resolved": "https://ms-feed-25.pkgs.visualstudio.com/1es-public/_packaging/npm-public/npm/registry/@agentclientprotocol/sdk/-/sdk-1.5.0.tgz",
      "integrity": "sha512-524jwbB2iYWA+kWWyv9fhKbhU89dH/lu9u5EXwVNmfYzopV8BujCDxByBDZhxRUkB7RWIJzISCnwivdDk+bdVg==",
      "inBundle": true,
      "license": "Apache-2.0",
      "peerDependencies": {
        "zod": "^3.25.0 || ^4.0.0"
      }
    },
    "node_modules/@amplifier/ahp-client-kit": {
      "version": "0.1.0",
      "resolved": "file:vendor/ahp-client-kit-a39bc8fd4ef7.tgz",
      "integrity": "sha512-st++QjRyeh3G9idupoWEItCyJJDjt5fA4mXXDoV+aOSsSspFT8O1hJvmLjgiSuhCztPgS4zQtgE5ZkEj1YkPXQ==",
      "inBundle": true,
      "license": "MIT",
      "dependencies": {
        "@microsoft/agent-host-protocol": "^0.9.0",
        "ws": "^8.21.3"
      },
      "bin": {
        "amplifier-ahp": "src/cli.js"
      },
      "engines": {
        "node": ">=22.16"
      }
    },
    "node_modules/@amplifier/unified-coordination-capability": {
      "version": "0.1.0",
      "resolved": "file:vendor/unified-coordination-capability-a6e8490b84b8.tgz",
      "integrity": "sha512-+HKuOsgdsX+5uRFmrpXzq9Xyx37+dqKFgeaNeqD8m1kDk9NXYH6A7fztfNZQ1rui1IYTrqs+CKUnLOvbNyvuQg==",
      "inBundle": true,
      "license": "MIT"
    },
    "node_modules/@amplifier/unified-diagnostics-capability": {
      "version": "0.1.0",
      "resolved": "file:vendor/unified-diagnostics-capability-0511f789cad7.tgz",
      "integrity": "sha512-kM89mgDI0S9Y0XpOpn5qtw/OH5ls/a3nQPo26MEoEV9JskOs6KLtSny8eSEULTpLc0avUMnS7Pw6cb6gp/cpbg==",
      "inBundle": true,
      "license": "MIT",
      "engines": {
        "node": ">=22.16"
      }
    },
    "node_modules/@amplifier/unified-distribution-update-owner": {
      "version": "0.17.0",
      "resolved": "file:vendor/unified-distribution-update-owner-09275b765366.tgz",
      "integrity": "sha512-smCP79l7VAAFLv0ygD4UfNd1hPzQFDDaLx3G2aJVY43+kqbWiTMjvY56noLQw45faj13Nva9mrUkVWFlkPEBEA==",
      "bundleDependencies": [
        "tar"
      ],
      "inBundle": true,
      "license": "MIT",
      "dependencies": {
        "tar": "7.5.22"
      },
      "bin": {
        "amplifier-distribution-supervisor": "dist/supervisor-cli.js"
      },
      "engines": {
        "node": ">=22.16"
      }
    },
    "node_modules/@amplifier/unified-distribution-update-owner/node_modules/@isaacs/fs-minipass": {
      "version": "4.0.1",
      "inBundle": true,
      "license": "ISC",
      "dependencies": {
        "minipass": "^7.0.4"
      },
      "engines": {
        "node": ">=18.0.0"
      }
    },
    "node_modules/@amplifier/unified-distribution-update-owner/node_modules/chownr": {
      "version": "3.0.0",
      "inBundle": true,
      "license": "BlueOak-1.0.0",
      "engines": {
        "node": ">=18"
      }
    },
    "node_modules/@amplifier/unified-distribution-update-owner/node_modules/minipass": {
      "version": "7.1.3",
      "inBundle": true,
      "license": "BlueOak-1.0.0",
      "engines": {
        "node": ">=16 || 14 >=14.17"
      }
    },
    "node_modules/@amplifier/unified-distribution-update-owner/node_modules/minizlib": {
      "version": "3.1.0",
      "inBundle": true,
      "license": "MIT",
      "dependencies": {
        "minipass": "^7.1.2"
      },
      "engines": {
        "node": ">= 18"
      }
    },
    "node_modules/@amplifier/unified-distribution-update-owner/node_modules/tar": {
      "version": "7.5.22",
      "inBundle": true,
      "license": "BlueOak-1.0.0",
      "dependencies": {
        "@isaacs/fs-minipass": "^4.0.0",
        "chownr": "^3.0.0",
        "minipass": "^7.1.2",
        "minizlib": "^3.1.0",
        "yallist": "^5.0.0"
      },
      "engines": {
        "node": ">=18"
      }
    },
    "node_modules/@amplifier/unified-distribution-update-owner/node_modules/yallist": {
      "version": "5.0.0",
      "inBundle": true,
      "license": "BlueOak-1.0.0",
      "engines": {
        "node": ">=18"
      }
    },
    "node_modules/@amplifier/unified-feedback-capability": {
      "version": "0.1.0",
      "resolved": "file:vendor/unified-feedback-capability-34afd6097bdb.tgz",
      "integrity": "sha512-xeexmQrT2v1EtUVrd8I53rELS0lEIaqFtk3kGaf9TKcOS+mj9ePOFsMWyYpUVvivKf7g3/KLOqTOhTJZ6I58FA==",
      "inBundle": true,
      "license": "MIT"
    },
    "node_modules/@amplifier/unified-history-capability": {
      "version": "0.1.0",
      "resolved": "file:vendor/unified-history-capability-a5e43754fb84.tgz",
      "integrity": "sha512-/kFsuVJcTm/KGY+QTSIszydac3WYx4z+6Tvks7Avu0FMHnEf1HrWloYtzfgNt/+I064jp+jot6CtFcGK3KdFxg==",
      "inBundle": true,
      "license": "MIT",
      "engines": {
        "node": ">=22.16"
      }
    },
    "node_modules/@amplifier/unified-host": {
      "version": "0.1.0",
      "resolved": "file:vendor/unified-host-54e53991d0ac.tgz",
      "integrity": "sha512-XFkbdEXSkn21HGAL+WJ/v/ValNj6qgPRBmGjZAiNEiNk5E52RnOb1nLFZ23hyOnGtjXHdi/j/jMHSE7Eng0AkQ==",
      "inBundle": true,
      "license": "MIT",
      "dependencies": {
        "@agentclientprotocol/sdk": "^1.5.0",
        "@microsoft/agent-host-protocol": "^0.9.0",
        "ws": "^8.21.3"
      },
      "bin": {
        "amplifier-unified-host": "dist/cli.js"
      },
      "engines": {
        "node": ">=22.16"
      }
    },
    "node_modules/@amplifier/unified-maintenance-capability": {
      "version": "0.1.0",
      "resolved": "file:vendor/unified-maintenance-capability-71579e347255.tgz",
      "integrity": "sha512-U2ouVBhxt9oPD/lW2sM9Q1NPNdObQK1rXumJppjXk/H+wdRfBfdHQmKLdl1zT/n/91a1kFV03KMlXT3PLa4LGA==",
      "inBundle": true,
      "license": "MIT"
    },
    "node_modules/@amplifier/unified-mcp-capabilities": {
      "version": "0.1.0",
      "resolved": "file:vendor/unified-mcp-capabilities-9fb8730ab706.tgz",
      "integrity": "sha512-NWy9GLaZIvOTqJTloquEigD7h3omsCeobghm0YSoolOxcqrv8dW8M0kwDh/TIQ5Thxcg8Z2zmWTie6qQXMUSQA==",
      "inBundle": true,
      "license": "MIT",
      "engines": {
        "node": ">=22.16"
      }
    },
    "node_modules/@amplifier/unified-media-capability": {
      "version": "0.1.0",
      "resolved": "file:vendor/unified-media-capability-e2e0aa1026c9.tgz",
      "integrity": "sha512-s08GwGhfu6E+WfUPMnvP2s0I2XTj8yVDnH16NkGxzQhtRp2egDRMD3FqQLYw+aZVENN97RaSAmOnG6csznYJDw==",
      "inBundle": true,
      "engines": {
        "node": ">=22"
      }
    },
    "node_modules/@amplifier/unified-native-capabilities": {
      "version": "0.1.0",
      "resolved": "file:vendor/unified-native-capabilities-adb6a7366b1f.tgz",
      "integrity": "sha512-qeexIRqyh9J8G7grGqYIEMvpzY0sOrYz+/Sa6gfQGeQ1dc0aZQDr/NauP7Zmx7H0mvoDs/+sECbaO+MVMsjA5w==",
      "inBundle": true,
      "license": "MIT",
      "dependencies": {
        "@agentclientprotocol/sdk": "^1.5.0"
      },
      "engines": {
        "node": ">=22.16"
      }
    },
    "node_modules/@amplifier/unified-notifications-capability": {
      "version": "0.1.0",
      "resolved": "file:vendor/unified-notifications-capability-de85a0d090a4.tgz",
      "integrity": "sha512-o+OdyRUMj4bkvLcqez+qU8m3Yk22aMeR6wALY2IBpoKxY/9XLzI6JgVWW7dRnym3OIe5N5DUfZBFedYyjQKSyw==",
      "inBundle": true,
      "license": "MIT",
      "engines": {
        "node": ">=22.16"
      }
    },
    "node_modules/@amplifier/unified-operations-capabilities": {
      "version": "0.1.0",
      "resolved": "file:vendor/unified-operations-capabilities-4bd635b5937d.tgz",
      "integrity": "sha512-kWiHATn0ogCctIepSJCnzLuvW9UQl8MUVpSrjF2wKOf4icx/AX3jbALjEUoMG6LEIt9rRmfwddG2/7tUZVloFA==",
      "inBundle": true,
      "license": "MIT"
    },
    "node_modules/@amplifier/unified-portability-capability": {
      "version": "0.1.0",
      "resolved": "file:vendor/unified-portability-capability-be1904698aba.tgz",
      "integrity": "sha512-GP13J9xQ3dY18nkLx+87b9s0GUIVppV4iVZ0/OAYyeFzJ+eYKHaE+aLwJ03OxbbSEIikP11xaQFMr9NWjBiU2g==",
      "inBundle": true,
      "license": "MIT",
      "dependencies": {
        "@agentclientprotocol/sdk": "^1.5.0"
      }
    },
    "node_modules/@amplifier/unified-protocol-extensions": {
      "version": "0.1.2",
      "resolved": "file:vendor/unified-protocol-extensions-eccfca0346ca.tgz",
      "integrity": "sha512-iIR1pvXJ6Pt3fpMAbO8Zn7J/c4t3L8xMSW2+G3EW/Or390oeytxF81ZZYuJZp+M9qwR1FjasXNGT0ouptQI1eg==",
      "inBundle": true,
      "license": "MIT"
    },
    "node_modules/@amplifier/unified-publishing-capability": {
      "version": "0.1.0",
      "resolved": "file:vendor/unified-publishing-capability-c0bd01fb22bf.tgz",
      "integrity": "sha512-cyKNa3U4QMDlIQ3CkzB+QMCMOW4L38/Jhj9aSgSZffWvgbKARAGT0En3j+oOm0hjjrF+oJJNzOa7lXKVf7HesA==",
      "inBundle": true,
      "license": "MIT"
    },
    "node_modules/@amplifier/unified-recall-capability": {
      "version": "0.1.0",
      "resolved": "file:vendor/unified-recall-capability-137bf81c15e1.tgz",
      "integrity": "sha512-VLU6iNIFE8PIYQPx7L93WqI6s+Y0DjujOnWXG12hINQ3SKXej9g03JNwCBLgLeHt3AqNQt7PWlY8S5p6huH0Ew==",
      "inBundle": true,
      "license": "MIT"
    },
    "node_modules/@amplifier/unified-recovery-capability": {
      "version": "0.1.0",
      "resolved": "file:vendor/unified-recovery-capability-c9306ab19205.tgz",
      "integrity": "sha512-dl9ivHLU5CukiZelyzjgaFHwuVXOqQMYtzGhj9qJyibOhyYoYf6zyV8TIwwGd4rOeFZoiDtJ0/ICz2ezjPpO6g==",
      "inBundle": true,
      "license": "MIT",
      "engines": {
        "node": ">=22.16"
      }
    },
    "node_modules/@amplifier/unified-resources-capability": {
      "version": "0.1.0",
      "resolved": "file:vendor/unified-resources-capability-01aed8deccb2.tgz",
      "integrity": "sha512-uwTbgWm+HKdHeZbHF52nf+xCpK45PVjMMcuKFyQcMtb2GwMtc31C/3gwJslr0IgPtn9/Nhsp9bFjMNwxS9Disg==",
      "inBundle": true,
      "license": "MIT",
      "dependencies": {
        "ajv": "^8.17.1"
      },
      "engines": {
        "node": ">=22.16"
      }
    },
    "node_modules/@amplifier/unified-workspace-capability": {
      "version": "0.1.0",
      "resolved": "file:vendor/unified-workspace-capability-5ccdc33ab6ab.tgz",
      "integrity": "sha512-rsQlIWb92tcDbwcAPKTVXZMh9mDtc+pN7r4z52I6fWzSoeJbg2BCQofyjqnClRAagRteIsL68qpLGx9ihCvWPA==",
      "inBundle": true,
      "license": "MIT"
    },
    "node_modules/@amplifier/unified-worktree-capability": {
      "version": "0.1.0",
      "resolved": "file:vendor/unified-worktree-capability-7409d337d58f.tgz",
      "integrity": "sha512-fUCQh5p/Ia4JtPCjag/iM0IMVgZqSdp2QtNgWcNb9RA20fFFnSv5nFT4MEuBpWHcgu8SRp8H1DU/ylF8vA7OQw==",
      "inBundle": true,
      "engines": {
        "node": ">=22.13"
      }
    },
    "node_modules/@microsoft/agent-host-protocol": {
      "version": "0.9.0",
      "resolved": "https://ms-feed-25.pkgs.visualstudio.com/1es-public/_packaging/npm-public/npm/registry/@microsoft/agent-host-protocol/-/agent-host-protocol-0.9.0.tgz",
      "integrity": "sha1-JmNkbHzGmtiDQ035fBK9p/1Azck=",
      "inBundle": true,
      "license": "MIT"
    },
    "node_modules/ajv": {
      "version": "8.20.0",
      "resolved": "https://ms-feed-25.pkgs.visualstudio.com/1es-public/_packaging/npm-public/npm/registry/ajv/-/ajv-8.20.0.tgz",
      "integrity": "sha1-MEs2Nq3Yi6fZNnYN1Q7OAG3qlfk=",
      "inBundle": true,
      "license": "MIT",
      "dependencies": {
        "fast-deep-equal": "^3.1.3",
        "fast-uri": "^3.0.1",
        "json-schema-traverse": "^1.0.0",
        "require-from-string": "^2.0.2"
      },
      "funding": {
        "type": "github",
        "url": "https://github.com/sponsors/epoberezkin"
      }
    },
    "node_modules/fast-deep-equal": {
      "version": "3.1.3",
      "resolved": "https://ms-feed-25.pkgs.visualstudio.com/1es-public/_packaging/npm-public/npm/registry/fast-deep-equal/-/fast-deep-equal-3.1.3.tgz",
      "integrity": "sha1-On1WtVnWy8PrUSMlJE5hmmXGxSU=",
      "inBundle": true,
      "license": "MIT"
    },
    "node_modules/fast-uri": {
      "version": "3.1.8",
      "resolved": "https://ms-feed-25.pkgs.visualstudio.com/1es-public/_packaging/npm-public/npm/registry/fast-uri/-/fast-uri-3.1.8.tgz",
      "integrity": "sha512-GZMtZUTNRpOVIECoXwLNZS5xUGE+mVNbTB8h/7Rwh2TFWcBQiPzTgyZi05BF9UMZKkLJv8XBRJTlU7zg8+ZfMg==",
      "funding": [
        {
          "type": "github",
          "url": "https://github.com/sponsors/fastify"
        },
        {
          "type": "opencollective",
          "url": "https://opencollective.com/fastify"
        }
      ],
      "inBundle": true,
      "license": "BSD-3-Clause"
    },
    "node_modules/json-schema-traverse": {
      "version": "1.0.0",
      "resolved": "https://ms-feed-25.pkgs.visualstudio.com/1es-public/_packaging/npm-public/npm/registry/json-schema-traverse/-/json-schema-traverse-1.0.0.tgz",
      "integrity": "sha1-rnvLNlard6c7pcSb9lTzjmtoYOI=",
      "inBundle": true,
      "license": "MIT"
    },
    "node_modules/require-from-string": {
      "version": "2.0.2",
      "resolved": "https://ms-feed-25.pkgs.visualstudio.com/1es-public/_packaging/npm-public/npm/registry/require-from-string/-/require-from-string-2.0.2.tgz",
      "integrity": "sha1-iaf92TgmEmcxjq/hT5wy5ZjDaQk=",
      "inBundle": true,
      "license": "MIT",
      "engines": {
        "node": ">=0.10.0"
      }
    },
    "node_modules/ws": {
      "version": "8.21.3",
      "resolved": "https://ms-feed-25.pkgs.visualstudio.com/1es-public/_packaging/npm-public/npm/registry/ws/-/ws-8.21.3.tgz",
      "integrity": "sha1-ZgtPrdtqPldchuB4EmkZlh9N5Pw=",
      "inBundle": true,
      "license": "MIT",
      "engines": {
        "node": ">=10.0.0"
      },
      "peerDependencies": {
        "bufferutil": "^4.0.1",
        "utf-8-validate": ">=5.0.2"
      },
      "peerDependenciesMeta": {
        "bufferutil": {
          "optional": true
        },
        "utf-8-validate": {
          "optional": true
        }
      }
    },
    "node_modules/zod": {
      "version": "4.6.5",
      "resolved": "https://ms-feed-25.pkgs.visualstudio.com/1es-public/_packaging/npm-public/npm/registry/zod/-/zod-4.6.5.tgz",
      "integrity": "sha512-v5l/aFXZQeai4awLbOpSoHecE9UiMrnfx75tEXLjNonXVARxQ5mOeipTjROUchszUNCqnE+hqAMujRsRHsut2Q==",
      "inBundle": true,
      "license": "MIT",
      "funding": {
        "url": "https://github.com/sponsors/colinhacks"
      }
    }
  }
}
