{
  "name": "@amplifier/unified",
  "version": "0.1.0",
  "lockfileVersion": 3,
  "requires": true,
  "packages": {
    "": {
      "name": "@amplifier/unified",
      "version": "0.1.0",
      "bundleDependencies": [
        "@amplifier/unified-host",
        "@amplifier/unified-mcp-capabilities",
        "@amplifier/unified-media-capability",
        "@amplifier/unified-native-capabilities",
        "@amplifier/unified-operations-capabilities",
        "@amplifier/unified-publishing-capability",
        "@amplifier/unified-resources-capability",
        "@amplifier/unified-worktree-capability",
        "ws",
        "zod",
        "@amplifier/unified-recall-capability",
        "@amplifier/unified-maintenance-capability",
        "@amplifier/unified-portability-capability",
        "@amplifier/unified-feedback-capability",
        "@amplifier/unified-coordination-capability",
        "@amplifier/unified-workspace-capability",
        "@amplifier/unified-distribution-update-owner",
        "@amplifier/unified-recovery-capability",
        "@amplifier/unified-notifications-capability",
        "@amplifier/unified-history-capability",
        "@amplifier/unified-diagnostics-capability",
        "@amplifier/ahp-client-kit"
      ],
      "license": "MIT",
      "dependencies": {
        "@amplifier/ahp-client-kit": "file:vendor/ahp-client-kit-0495e17458e1.tgz",
        "@amplifier/unified-coordination-capability": "file:vendor/unified-coordination-capability-a6e8490b84b8.tgz",
        "@amplifier/unified-diagnostics-capability": "file:vendor/unified-diagnostics-capability-0511f789cad7.tgz",
        "@amplifier/unified-distribution-update-owner": "file:vendor/unified-distribution-update-owner-473e02827237.tgz",
        "@amplifier/unified-feedback-capability": "file:vendor/unified-feedback-capability-34afd6097bdb.tgz",
        "@amplifier/unified-history-capability": "file:vendor/unified-history-capability-a5e43754fb84.tgz",
        "@amplifier/unified-host": "file:vendor/unified-host-be0a2e8a77f8.tgz",
        "@amplifier/unified-maintenance-capability": "file:vendor/unified-maintenance-capability-2097ecb6bcf1.tgz",
        "@amplifier/unified-mcp-capabilities": "file:vendor/unified-mcp-capabilities-83a90176581e.tgz",
        "@amplifier/unified-media-capability": "file:vendor/unified-media-capability-c031464c47a4.tgz",
        "@amplifier/unified-native-capabilities": "file:vendor/unified-native-capabilities-5ca24100c159.tgz",
        "@amplifier/unified-notifications-capability": "file:vendor/unified-notifications-capability-30d22ce4517f.tgz",
        "@amplifier/unified-operations-capabilities": "file:vendor/unified-operations-capabilities-a16b0ed47e34.tgz",
        "@amplifier/unified-portability-capability": "file:vendor/unified-portability-capability-97da6604d6bf.tgz",
        "@amplifier/unified-publishing-capability": "file:vendor/unified-publishing-capability-c0bd01fb22bf.tgz",
        "@amplifier/unified-recall-capability": "file:vendor/unified-recall-capability-137bf81c15e1.tgz",
        "@amplifier/unified-recovery-capability": "file:vendor/unified-recovery-capability-f52fbc61d619.tgz",
        "@amplifier/unified-resources-capability": "file:vendor/unified-resources-capability-d09f2b7f8ad5.tgz",
        "@amplifier/unified-workspace-capability": "file:vendor/unified-workspace-capability-5ccdc33ab6ab.tgz",
        "@amplifier/unified-worktree-capability": "file:vendor/unified-worktree-capability-7409d337d58f.tgz",
        "ws": "^8.18.0",
        "zod": "^4.6.5"
      },
      "bin": {
        "amplifier-ahp": "src/headless-cli.js",
        "amplifier-unified": "src/cli.js",
        "amplifier-unified-archive": "src/installation-archive-cli.js",
        "amplifier-unified-install": "src/install-cli.js",
        "amplifier-unified-service": "src/service-cli.js"
      },
      "engines": {
        "node": ">=22.16"
      }
    },
    "node_modules/@agentclientprotocol/sdk": {
      "version": "1.5.0",
      "resolved": "https://ms-feed-25.pkgs.visualstudio.com/1es-public/_packaging/npm-public/npm/registry/@agentclientprotocol/sdk/-/sdk-1.5.0.tgz",
      "integrity": "sha512-524jwbB2iYWA+kWWyv9fhKbhU89dH/lu9u5EXwVNmfYzopV8BujCDxByBDZhxRUkB7RWIJzISCnwivdDk+bdVg==",
      "inBundle": true,
      "license": "Apache-2.0",
      "peerDependencies": {
        "zod": "^3.25.0 || ^4.0.0"
      }
    },
    "node_modules/@amplifier/ahp-client-kit": {
      "version": "0.1.0",
      "resolved": "file:vendor/ahp-client-kit-0495e17458e1.tgz",
      "integrity": "sha512-7pFbiNV8pWLEKuZxWXL6NlokvotUbJNwlAdbLuSSl2qc0tSjb/4uTOsSIFbp+l9dujTRRIluF0OLD0nmG/xtTg==",
      "inBundle": true,
      "license": "MIT",
      "dependencies": {
        "@microsoft/agent-host-protocol": "^0.9.0",
        "ws": "^8.21.3"
      },
      "bin": {
        "amplifier-ahp": "src/cli.js"
      },
      "engines": {
        "node": ">=22.16"
      }
    },
    "node_modules/@amplifier/unified-coordination-capability": {
      "version": "0.1.0",
      "resolved": "file:vendor/unified-coordination-capability-a6e8490b84b8.tgz",
      "integrity": "sha512-+HKuOsgdsX+5uRFmrpXzq9Xyx37+dqKFgeaNeqD8m1kDk9NXYH6A7fztfNZQ1rui1IYTrqs+CKUnLOvbNyvuQg==",
      "inBundle": true,
      "license": "MIT"
    },
    "node_modules/@amplifier/unified-diagnostics-capability": {
      "version": "0.1.0",
      "resolved": "file:vendor/unified-diagnostics-capability-0511f789cad7.tgz",
      "integrity": "sha512-kM89mgDI0S9Y0XpOpn5qtw/OH5ls/a3nQPo26MEoEV9JskOs6KLtSny8eSEULTpLc0avUMnS7Pw6cb6gp/cpbg==",
      "inBundle": true,
      "license": "MIT",
      "engines": {
        "node": ">=22.16"
      }
    },
    "node_modules/@amplifier/unified-distribution-update-owner": {
      "version": "0.13.0",
      "resolved": "file:vendor/unified-distribution-update-owner-473e02827237.tgz",
      "integrity": "sha512-RNpcf1XNLiJqKqmCZ50KCN954r3q1EO6ss93NCsNaRwokg661LaulK1apowD3TiDWThe2fP0Kz1PUxRh+V2gTw==",
      "bundleDependencies": [
        "tar"
      ],
      "inBundle": true,
      "license": "MIT",
      "dependencies": {
        "tar": "7.5.22"
      },
      "bin": {
        "amplifier-distribution-supervisor": "dist/supervisor-cli.js"
      },
      "engines": {
        "node": ">=22.16"
      }
    },
    "node_modules/@amplifier/unified-distribution-update-owner/node_modules/@isaacs/fs-minipass": {
      "version": "4.0.1",
      "inBundle": true,
      "license": "ISC",
      "dependencies": {
        "minipass": "^7.0.4"
      },
      "engines": {
        "node": ">=18.0.0"
      }
    },
    "node_modules/@amplifier/unified-distribution-update-owner/node_modules/chownr": {
      "version": "3.0.0",
      "inBundle": true,
      "license": "BlueOak-1.0.0",
      "engines": {
        "node": ">=18"
      }
    },
    "node_modules/@amplifier/unified-distribution-update-owner/node_modules/minipass": {
      "version": "7.1.3",
      "inBundle": true,
      "license": "BlueOak-1.0.0",
      "engines": {
        "node": ">=16 || 14 >=14.17"
      }
    },
    "node_modules/@amplifier/unified-distribution-update-owner/node_modules/minizlib": {
      "version": "3.1.0",
      "inBundle": true,
      "license": "MIT",
      "dependencies": {
        "minipass": "^7.1.2"
      },
      "engines": {
        "node": ">= 18"
      }
    },
    "node_modules/@amplifier/unified-distribution-update-owner/node_modules/tar": {
      "version": "7.5.22",
      "inBundle": true,
      "license": "BlueOak-1.0.0",
      "dependencies": {
        "@isaacs/fs-minipass": "^4.0.0",
        "chownr": "^3.0.0",
        "minipass": "^7.1.2",
        "minizlib": "^3.1.0",
        "yallist": "^5.0.0"
      },
      "engines": {
        "node": ">=18"
      }
    },
    "node_modules/@amplifier/unified-distribution-update-owner/node_modules/yallist": {
      "version": "5.0.0",
      "inBundle": true,
      "license": "BlueOak-1.0.0",
      "engines": {
        "node": ">=18"
      }
    },
    "node_modules/@amplifier/unified-feedback-capability": {
      "version": "0.1.0",
      "resolved": "file:vendor/unified-feedback-capability-34afd6097bdb.tgz",
      "integrity": "sha512-xeexmQrT2v1EtUVrd8I53rELS0lEIaqFtk3kGaf9TKcOS+mj9ePOFsMWyYpUVvivKf7g3/KLOqTOhTJZ6I58FA==",
      "inBundle": true,
      "license": "MIT"
    },
    "node_modules/@amplifier/unified-history-capability": {
      "version": "0.1.0",
      "resolved": "file:vendor/unified-history-capability-a5e43754fb84.tgz",
      "integrity": "sha512-/kFsuVJcTm/KGY+QTSIszydac3WYx4z+6Tvks7Avu0FMHnEf1HrWloYtzfgNt/+I064jp+jot6CtFcGK3KdFxg==",
      "inBundle": true,
      "license": "MIT",
      "engines": {
        "node": ">=22.16"
      }
    },
    "node_modules/@amplifier/unified-host": {
      "version": "0.1.0",
      "resolved": "file:vendor/unified-host-be0a2e8a77f8.tgz",
      "integrity": "sha512-c6KTB5XbwRvw9K/U0KknTyHbT42HgMprxFotRH7LHNAZP7Lyea/isHqWlByYTQonTrMDsywcWli1S/4L/2U60w==",
      "inBundle": true,
      "license": "MIT",
      "dependencies": {
        "@agentclientprotocol/sdk": "^1.5.0",
        "@microsoft/agent-host-protocol": "^0.9.0",
        "ws": "^8.21.3"
      },
      "bin": {
        "amplifier-unified-host": "dist/cli.js"
      },
      "engines": {
        "node": ">=22.16"
      }
    },
    "node_modules/@amplifier/unified-maintenance-capability": {
      "version": "0.1.0",
      "resolved": "file:vendor/unified-maintenance-capability-2097ecb6bcf1.tgz",
      "integrity": "sha512-g+ZV8IJnaG0RnjJW+7oi6WuOh07E4VkZXzIFhdZpU+qjGC2fUBRw4zzqZD6dBDm6IWb8ddjDcTQkCVWm0jO8Cw==",
      "inBundle": true,
      "license": "MIT"
    },
    "node_modules/@amplifier/unified-mcp-capabilities": {
      "version": "0.1.0",
      "resolved": "file:vendor/unified-mcp-capabilities-83a90176581e.tgz",
      "integrity": "sha512-xRZ23Nw2umM1khNO38KZYbnchQtLMEbUU+cF8OYEvZtssktEPLLrb4yFn2J+Pyj4zb4ibZbruyTThJoKx4vLhA==",
      "inBundle": true,
      "license": "MIT",
      "engines": {
        "node": ">=22.16"
      }
    },
    "node_modules/@amplifier/unified-media-capability": {
      "version": "0.1.0",
      "resolved": "file:vendor/unified-media-capability-c031464c47a4.tgz",
      "integrity": "sha512-LyK4TTh7Ngi14joOE6tz9qTX37DGR81/Xf/NQbGACF20ppDi4os0JL9GvlEgEg/qNfk1lT57ZhRQj/cqPi4RYA==",
      "inBundle": true,
      "engines": {
        "node": ">=22"
      }
    },
    "node_modules/@amplifier/unified-native-capabilities": {
      "version": "0.1.0",
      "resolved": "file:vendor/unified-native-capabilities-5ca24100c159.tgz",
      "integrity": "sha512-gcN33lyEkuheEX/zAIpl+xN28UleRrN/tpz9ROBJB3svjbqg65+yObcvvyvxcQxmHl14ZdikczZBihP0mRVBWg==",
      "inBundle": true,
      "license": "MIT",
      "dependencies": {
        "@agentclientprotocol/sdk": "^1.5.0"
      },
      "engines": {
        "node": ">=22.16"
      }
    },
    "node_modules/@amplifier/unified-notifications-capability": {
      "version": "0.1.0",
      "resolved": "file:vendor/unified-notifications-capability-30d22ce4517f.tgz",
      "integrity": "sha512-2RjDwsPWzC0VoxvuRqqVyoq7KqZfPmqVQQwyTWb3D6ew3e1aIjGUAKg9pIlldiNuAj0tvZ1Ww/ckUCsZADc89Q==",
      "inBundle": true,
      "license": "MIT",
      "engines": {
        "node": ">=22.16"
      }
    },
    "node_modules/@amplifier/unified-operations-capabilities": {
      "version": "0.1.0",
      "resolved": "file:vendor/unified-operations-capabilities-a16b0ed47e34.tgz",
      "integrity": "sha512-tX1Figr4rpci6sT2R92+auZN2If5M4oQEiNMos3i8O7sAkjIP6FonPtaRArQUZUGYJ0wmomJIeRFWnRq3d9C4Q==",
      "inBundle": true,
      "license": "MIT"
    },
    "node_modules/@amplifier/unified-portability-capability": {
      "version": "0.1.0",
      "resolved": "file:vendor/unified-portability-capability-97da6604d6bf.tgz",
      "integrity": "sha512-IGyfNMoBQMfjYf1amX2IS+Vi2cKd7NLahmvakGjIO1nOQVirfCy5hPSzvnGTpIDNzDpppcK5rZx1lHoXqJoQBw==",
      "inBundle": true,
      "license": "MIT",
      "dependencies": {
        "@agentclientprotocol/sdk": "^1.5.0"
      }
    },
    "node_modules/@amplifier/unified-publishing-capability": {
      "version": "0.1.0",
      "resolved": "file:vendor/unified-publishing-capability-c0bd01fb22bf.tgz",
      "integrity": "sha512-cyKNa3U4QMDlIQ3CkzB+QMCMOW4L38/Jhj9aSgSZffWvgbKARAGT0En3j+oOm0hjjrF+oJJNzOa7lXKVf7HesA==",
      "inBundle": true,
      "license": "MIT"
    },
    "node_modules/@amplifier/unified-recall-capability": {
      "version": "0.1.0",
      "resolved": "file:vendor/unified-recall-capability-137bf81c15e1.tgz",
      "integrity": "sha512-VLU6iNIFE8PIYQPx7L93WqI6s+Y0DjujOnWXG12hINQ3SKXej9g03JNwCBLgLeHt3AqNQt7PWlY8S5p6huH0Ew==",
      "inBundle": true,
      "license": "MIT"
    },
    "node_modules/@amplifier/unified-recovery-capability": {
      "version": "0.1.0",
      "resolved": "file:vendor/unified-recovery-capability-f52fbc61d619.tgz",
      "integrity": "sha512-sILtlEPL/7CKh8anhNrHIiPoEtV+wdh78RX2M9VQXV4xULK7ehiKGwjgth4u2QqTQ+V1qCLqQSxqjRAt7VvVjg==",
      "inBundle": true,
      "license": "MIT",
      "engines": {
        "node": ">=22.16"
      }
    },
    "node_modules/@amplifier/unified-resources-capability": {
      "version": "0.1.0",
      "resolved": "file:vendor/unified-resources-capability-d09f2b7f8ad5.tgz",
      "integrity": "sha512-mUHvtM4d8uZ22Z3vruccQV7raDVdhRY3IE9xd3P0pwusxO/HGXdDietg79jTqPCPp2H5ofWSDpvxjvlMQQ78sA==",
      "inBundle": true,
      "license": "MIT",
      "dependencies": {
        "ajv": "^8.17.1"
      },
      "engines": {
        "node": ">=22.16"
      }
    },
    "node_modules/@amplifier/unified-workspace-capability": {
      "version": "0.1.0",
      "resolved": "file:vendor/unified-workspace-capability-5ccdc33ab6ab.tgz",
      "integrity": "sha512-rsQlIWb92tcDbwcAPKTVXZMh9mDtc+pN7r4z52I6fWzSoeJbg2BCQofyjqnClRAagRteIsL68qpLGx9ihCvWPA==",
      "inBundle": true,
      "license": "MIT"
    },
    "node_modules/@amplifier/unified-worktree-capability": {
      "version": "0.1.0",
      "resolved": "file:vendor/unified-worktree-capability-7409d337d58f.tgz",
      "integrity": "sha512-fUCQh5p/Ia4JtPCjag/iM0IMVgZqSdp2QtNgWcNb9RA20fFFnSv5nFT4MEuBpWHcgu8SRp8H1DU/ylF8vA7OQw==",
      "inBundle": true,
      "engines": {
        "node": ">=22.13"
      }
    },
    "node_modules/@microsoft/agent-host-protocol": {
      "version": "0.9.0",
      "resolved": "https://ms-feed-25.pkgs.visualstudio.com/1es-public/_packaging/npm-public/npm/registry/@microsoft/agent-host-protocol/-/agent-host-protocol-0.9.0.tgz",
      "integrity": "sha1-JmNkbHzGmtiDQ035fBK9p/1Azck=",
      "inBundle": true,
      "license": "MIT"
    },
    "node_modules/ajv": {
      "version": "8.20.0",
      "resolved": "https://ms-feed-25.pkgs.visualstudio.com/1es-public/_packaging/npm-public/npm/registry/ajv/-/ajv-8.20.0.tgz",
      "integrity": "sha1-MEs2Nq3Yi6fZNnYN1Q7OAG3qlfk=",
      "inBundle": true,
      "license": "MIT",
      "dependencies": {
        "fast-deep-equal": "^3.1.3",
        "fast-uri": "^3.0.1",
        "json-schema-traverse": "^1.0.0",
        "require-from-string": "^2.0.2"
      },
      "funding": {
        "type": "github",
        "url": "https://github.com/sponsors/epoberezkin"
      }
    },
    "node_modules/fast-deep-equal": {
      "version": "3.1.3",
      "resolved": "https://ms-feed-25.pkgs.visualstudio.com/1es-public/_packaging/npm-public/npm/registry/fast-deep-equal/-/fast-deep-equal-3.1.3.tgz",
      "integrity": "sha1-On1WtVnWy8PrUSMlJE5hmmXGxSU=",
      "inBundle": true,
      "license": "MIT"
    },
    "node_modules/fast-uri": {
      "version": "3.1.8",
      "resolved": "https://ms-feed-25.pkgs.visualstudio.com/1es-public/_packaging/npm-public/npm/registry/fast-uri/-/fast-uri-3.1.8.tgz",
      "integrity": "sha512-GZMtZUTNRpOVIECoXwLNZS5xUGE+mVNbTB8h/7Rwh2TFWcBQiPzTgyZi05BF9UMZKkLJv8XBRJTlU7zg8+ZfMg==",
      "funding": [
        {
          "type": "github",
          "url": "https://github.com/sponsors/fastify"
        },
        {
          "type": "opencollective",
          "url": "https://opencollective.com/fastify"
        }
      ],
      "inBundle": true,
      "license": "BSD-3-Clause"
    },
    "node_modules/json-schema-traverse": {
      "version": "1.0.0",
      "resolved": "https://ms-feed-25.pkgs.visualstudio.com/1es-public/_packaging/npm-public/npm/registry/json-schema-traverse/-/json-schema-traverse-1.0.0.tgz",
      "integrity": "sha1-rnvLNlard6c7pcSb9lTzjmtoYOI=",
      "inBundle": true,
      "license": "MIT"
    },
    "node_modules/require-from-string": {
      "version": "2.0.2",
      "resolved": "https://ms-feed-25.pkgs.visualstudio.com/1es-public/_packaging/npm-public/npm/registry/require-from-string/-/require-from-string-2.0.2.tgz",
      "integrity": "sha1-iaf92TgmEmcxjq/hT5wy5ZjDaQk=",
      "inBundle": true,
      "license": "MIT",
      "engines": {
        "node": ">=0.10.0"
      }
    },
    "node_modules/ws": {
      "version": "8.21.3",
      "resolved": "https://ms-feed-25.pkgs.visualstudio.com/1es-public/_packaging/npm-public/npm/registry/ws/-/ws-8.21.3.tgz",
      "integrity": "sha1-ZgtPrdtqPldchuB4EmkZlh9N5Pw=",
      "inBundle": true,
      "license": "MIT",
      "engines": {
        "node": ">=10.0.0"
      },
      "peerDependencies": {
        "bufferutil": "^4.0.1",
        "utf-8-validate": ">=5.0.2"
      },
      "peerDependenciesMeta": {
        "bufferutil": {
          "optional": true
        },
        "utf-8-validate": {
          "optional": true
        }
      }
    },
    "node_modules/zod": {
      "version": "4.6.5",
      "resolved": "https://ms-feed-25.pkgs.visualstudio.com/1es-public/_packaging/npm-public/npm/registry/zod/-/zod-4.6.5.tgz",
      "integrity": "sha512-v5l/aFXZQeai4awLbOpSoHecE9UiMrnfx75tEXLjNonXVARxQ5mOeipTjROUchszUNCqnE+hqAMujRsRHsut2Q==",
      "inBundle": true,
      "license": "MIT",
      "funding": {
        "url": "https://github.com/sponsors/colinhacks"
      }
    }
  }
}
