{
  "name": "@amplifier/unified-notifications-capability",
  "version": "0.1.0",
  "lockfileVersion": 3,
  "requires": true,
  "packages": {
    "": {
      "name": "@amplifier/unified-notifications-capability",
      "version": "0.1.0",
      "license": "MIT",
      "devDependencies": {
        "@microsoft/agent-host-protocol": "^0.9.0"
      },
      "engines": {
        "node": ">=22.16"
      }
    },
    "node_modules/@microsoft/agent-host-protocol": {
      "version": "0.9.0",
      "resolved": "https://ms-feed-25.pkgs.visualstudio.com/1es-public/_packaging/npm-public/npm/registry/@microsoft/agent-host-protocol/-/agent-host-protocol-0.9.0.tgz",
      "integrity": "sha1-JmNkbHzGmtiDQ035fBK9p/1Azck=",
      "dev": true,
      "license": "MIT"
    }
  }
}
